// !$*UTF8*$!
{
	archiveVersion = 1;
	classes = {
	};
	objectVersion = 77;
	objects = {

/* Begin PBXContainerItemProxy section */
		B63AAD1E2D15486100C96BA5 /* PBXContainerItemProxy */ = {
			isa = PBXContainerItemProxy;
			containerPortal = B63AACFF2D15486000C96BA5 /* Project object */;
			proxyType = 1;
			remoteGlobalIDString = B63AAD062D15486000C96BA5;
			remoteInfo = "coreimage(P-13)";
		};
		B63AAD282D15486100C96BA5 /* PBXContainerItemProxy */ = {
			isa = PBXContainerItemProxy;
			containerPortal = B63AACFF2D15486000C96BA5 /* Project object */;
			proxyType = 1;
			remoteGlobalIDString = B63AAD062D15486000C96BA5;
			remoteInfo = "coreimage(P-13)";
		};
/* End PBXContainerItemProxy section */

/* Begin PBXFileReference section */
		B63AAD072D15486000C96BA5 /* coreimage(P-13).app */ = {isa = PBXFileReference; explicitFileType = wrapper.application; includeInIndex = 0; path = "coreimage(P-13).app"; sourceTree = BUILT_PRODUCTS_DIR; };
		B63AAD1D2D15486100C96BA5 /* coreimage(P-13)Tests.xctest */ = {isa = PBXFileReference; explicitFileType = wrapper.cfbundle; includeInIndex = 0; path = "coreimage(P-13)Tests.xctest"; sourceTree = BUILT_PRODUCTS_DIR; };
		B63AAD272D15486100C96BA5 /* coreimage(P-13)UITests.xctest */ = {isa = PBXFileReference; explicitFileType = wrapper.cfbundle; includeInIndex = 0; path = "coreimage(P-13)UITests.xctest"; sourceTree = BUILT_PRODUCTS_DIR; };
/* End PBXFileReference section */

/* Begin PBXFileSystemSynchronizedBuildFileExceptionSet section */
		B63AAD2F2D15486100C96BA5 /* Exceptions for "coreimage(P-13)" folder in "coreimage(P-13)" target */ = {
			isa = PBXFileSystemSynchronizedBuildFileExceptionSet;
			membershipExceptions = (
				Info.plist,
			);
			target = B63AAD062D15486000C96BA5 /* coreimage(P-13) */;
		};
/* End PBXFileSystemSynchronizedBuildFileExceptionSet section */

/* Begin PBXFileSystemSynchronizedRootGroup section */
		B63AAD092D15486000C96BA5 /* coreimage(P-13) */ = {
			isa = PBXFileSystemSynchronizedRootGroup;
			exceptions = (
				B63AAD2F2D15486100C96BA5 /* Exceptions for "coreimage(P-13)" folder in "coreimage(P-13)" target */,
			);
			path = "coreimage(P-13)";
			sourceTree = "<group>";
		};
		B63AAD202D15486100C96BA5 /* coreimage(P-13)Tests */ = {
			isa = PBXFileSystemSynchronizedRootGroup;
			path = "coreimage(P-13)Tests";
			sourceTree = "<group>";
		};
		B63AAD2A2D15486100C96BA5 /* coreimage(P-13)UITests */ = {
			isa = PBXFileSystemSynchronizedRootGroup;
			path = "coreimage(P-13)UITests";
			sourceTree = "<group>";
		};
/* End PBXFileSystemSynchronizedRootGroup section */

/* Begin PBXFrameworksBuildPhase section */
		B63AAD042D15486000C96BA5 /* Frameworks */ = {
			isa = PBXFrameworksBuildPhase;
			buildActionMask = 2147483647;
			files = (
			);
			runOnlyForDeploymentPostprocessing = 0;
		};
		B63AAD1A2D15486100C96BA5 /* Frameworks */ = {
			isa = PBXFrameworksBuildPhase;
			buildActionMask = 2147483647;
			files = (
			);
			runOnlyForDeploymentPostprocessing = 0;
		};
		B63AAD242D15486100C96BA5 /* Frameworks */ = {
			isa = PBXFrameworksBuildPhase;
			buildActionMask = 2147483647;
			files = (
			);
			runOnlyForDeploymentPostprocessing = 0;
		};
/* End PBXFrameworksBuildPhase section */

/* Begin PBXGroup section */
		B63AACFE2D15486000C96BA5 = {
			isa = PBXGroup;
			children = (
				B63AAD092D15486000C96BA5 /* coreimage(P-13) */,
				B63AAD202D15486100C96BA5 /* coreimage(P-13)Tests */,
				B63AAD2A2D15486100C96BA5 /* coreimage(P-13)UITests */,
				B63AAD082D15486000C96BA5 /* Products */,
			);
			sourceTree = "<group>";
		};
		B63AAD082D15486000C96BA5 /* Products */ = {
			isa = PBXGroup;
			children = (
				B63AAD072D15486000C96BA5 /* coreimage(P-13).app */,
				B63AAD1D2D15486100C96BA5 /* coreimage(P-13)Tests.xctest */,
				B63AAD272D15486100C96BA5 /* coreimage(P-13)UITests.xctest */,
			);
			name = Products;
			sourceTree = "<group>";
		};
/* End PBXGroup section */

/* Begin PBXNativeTarget section */
		B63AAD062D15486000C96BA5 /* coreimage(P-13) */ = {
			isa = PBXNativeTarget;
			buildConfigurationList = B63AAD302D15486100C96BA5 /* Build configuration list for PBXNativeTarget "coreimage(P-13)" */;
			buildPhases = (
				B63AAD032D15486000C96BA5 /* Sources */,
				B63AAD042D15486000C96BA5 /* Frameworks */,
				B63AAD052D15486000C96BA5 /* Resources */,
			);
			buildRules = (
			);
			dependencies = (
			);
			fileSystemSynchronizedGroups = (
				B63AAD092D15486000C96BA5 /* coreimage(P-13) */,
			);
			name = "coreimage(P-13)";
			packageProductDependencies = (
			);
			productName = "coreimage(P-13)";
			productReference = B63AAD072D15486000C96BA5 /* coreimage(P-13).app */;
			productType = "com.apple.product-type.application";
		};
		B63AAD1C2D15486100C96BA5 /* coreimage(P-13)Tests */ = {
			isa = PBXNativeTarget;
			buildConfigurationList = B63AAD352D15486100C96BA5 /* Build configuration list for PBXNativeTarget "coreimage(P-13)Tests" */;
			buildPhases = (
				B63AAD192D15486100C96BA5 /* Sources */,
				B63AAD1A2D15486100C96BA5 /* Frameworks */,
				B63AAD1B2D15486100C96BA5 /* Resources */,
			);
			buildRules = (
			);
			dependencies = (
				B63AAD1F2D15486100C96BA5 /* PBXTargetDependency */,
			);
			fileSystemSynchronizedGroups = (
				B63AAD202D15486100C96BA5 /* coreimage(P-13)Tests */,
			);
			name = "coreimage(P-13)Tests";
			packageProductDependencies = (
			);
			productName = "coreimage(P-13)Tests";
			productReference = B63AAD1D2D15486100C96BA5 /* coreimage(P-13)Tests.xctest */;
			productType = "com.apple.product-type.bundle.unit-test";
		};
		B63AAD262D15486100C96BA5 /* coreimage(P-13)UITests */ = {
			isa = PBXNativeTarget;
			buildConfigurationList = B63AAD382D15486100C96BA5 /* Build configuration list for PBXNativeTarget "coreimage(P-13)UITests" */;
			buildPhases = (
				B63AAD232D15486100C96BA5 /* Sources */,
				B63AAD242D15486100C96BA5 /* Frameworks */,
				B63AAD252D15486100C96BA5 /* Resources */,
			);
			buildRules = (
			);
			dependencies = (
				B63AAD292D15486100C96BA5 /* PBXTargetDependency */,
			);
			fileSystemSynchronizedGroups = (
				B63AAD2A2D15486100C96BA5 /* coreimage(P-13)UITests */,
			);
			name = "coreimage(P-13)UITests";
			packageProductDependencies = (
			);
			productName = "coreimage(P-13)UITests";
			productReference = B63AAD272D15486100C96BA5 /* coreimage(P-13)UITests.xctest */;
			productType = "com.apple.product-type.bundle.ui-testing";
		};
/* End PBXNativeTarget section */

/* Begin PBXProject section */
		B63AACFF2D15486000C96BA5 /* Project object */ = {
			isa = PBXProject;
			attributes = {
				BuildIndependentTargetsInParallel = 1;
				LastSwiftUpdateCheck = 1610;
				LastUpgradeCheck = 1610;
				TargetAttributes = {
					B63AAD062D15486000C96BA5 = {
						CreatedOnToolsVersion = 16.1;
					};
					B63AAD1C2D15486100C96BA5 = {
						CreatedOnToolsVersion = 16.1;
						TestTargetID = B63AAD062D15486000C96BA5;
					};
					B63AAD262D15486100C96BA5 = {
						CreatedOnToolsVersion = 16.1;
						TestTargetID = B63AAD062D15486000C96BA5;
					};
				};
			};
			buildConfigurationList = B63AAD022D15486000C96BA5 /* Build configuration list for PBXProject "coreimage(P-13)" */;
			developmentRegion = en;
			hasScannedForEncodings = 0;
			knownRegions = (
				en,
				Base,
			);
			mainGroup = B63AACFE2D15486000C96BA5;
			minimizedProjectReferenceProxies = 1;
			preferredProjectObjectVersion = 77;
			productRefGroup = B63AAD082D15486000C96BA5 /* Products */;
			projectDirPath = "";
			projectRoot = "";
			targets = (
				B63AAD062D15486000C96BA5 /* coreimage(P-13) */,
				B63AAD1C2D15486100C96BA5 /* coreimage(P-13)Tests */,
				B63AAD262D15486100C96BA5 /* coreimage(P-13)UITests */,
			);
		};
/* End PBXProject section */

/* Begin PBXResourcesBuildPhase section */
		B63AAD052D15486000C96BA5 /* Resources */ = {
			isa = PBXResourcesBuildPhase;
			buildActionMask = 2147483647;
			files = (
			);
			runOnlyForDeploymentPostprocessing = 0;
		};
		B63AAD1B2D15486100C96BA5 /* Resources */ = {
			isa = PBXResourcesBuildPhase;
			buildActionMask = 2147483647;
			files = (
			);
			runOnlyForDeploymentPostprocessing = 0;
		};
		B63AAD252D15486100C96BA5 /* Resources */ = {
			isa = PBXResourcesBuildPhase;
			buildActionMask = 2147483647;
			files = (
			);
			runOnlyForDeploymentPostprocessing = 0;
		};
/* End PBXResourcesBuildPhase section */

/* Begin PBXSourcesBuildPhase section */
		B63AAD032D15486000C96BA5 /* Sources */ = {
			isa = PBXSourcesBuildPhase;
			buildActionMask = 2147483647;
			files = (
			);
			runOnlyForDeploymentPostprocessing = 0;
		};
		B63AAD192D15486100C96BA5 /* Sources */ = {
			isa = PBXSourcesBuildPhase;
			buildActionMask = 2147483647;
			files = (
			);
			runOnlyForDeploymentPostprocessing = 0;
		};
		B63AAD232D15486100C96BA5 /* Sources */ = {
			isa = PBXSourcesBuildPhase;
			buildActionMask = 2147483647;
			files = (
			);
			runOnlyForDeploymentPostprocessing = 0;
		};
/* End PBXSourcesBuildPhase section */

/* Begin PBXTargetDependency section */
		B63AAD1F2D15486100C96BA5 /* PBXTargetDependency */ = {
			isa = PBXTargetDependency;
			target = B63AAD062D15486000C96BA5 /* coreimage(P-13) */;
			targetProxy = B63AAD1E2D15486100C96BA5 /* PBXContainerItemProxy */;
		};
		B63AAD292D15486100C96BA5 /* PBXTargetDependency */ = {
			isa = PBXTargetDependency;
			target = B63AAD062D15486000C96BA5 /* coreimage(P-13) */;
			targetProxy = B63AAD282D15486100C96BA5 /* PBXContainerItemProxy */;
		};
/* End PBXTargetDependency section */

/* Begin XCBuildConfiguration section */
		B63AAD312D15486100C96BA5 /* Debug */ = {
			isa = XCBuildConfiguration;
			buildSettings = {
				ASSETCATALOG_COMPILER_APPICON_NAME = AppIcon;
				ASSETCATALOG_COMPILER_GLOBAL_ACCENT_COLOR_NAME = AccentColor;
				CODE_SIGN_STYLE = Automatic;
				CURRENT_PROJECT_VERSION = 1;
				GENERATE_INFOPLIST_FILE = YES;
				INFOPLIST_FILE = "coreimage(P-13)/Info.plist";
				INFOPLIST_KEY_UIApplicationSupportsIndirectInputEvents = YES;
				INFOPLIST_KEY_UILaunchStoryboardName = LaunchScreen;
				INFOPLIST_KEY_UIMainStoryboardFile = Main;
				INFOPLIST_KEY_UISupportedInterfaceOrientations_iPad = "UIInterfaceOrientationPortrait UIInterfaceOrientationPortraitUpsideDown UIInterfaceOrientationLandscapeLeft UIInterfaceOrientationLandscapeRight";
				INFOPLIST_KEY_UISupportedInterfaceOrientations_iPhone = "UIInterfaceOrientationPortrait UIInterfaceOrientationLandscapeLeft UIInterfaceOrientationLandscapeRight";
				LD_RUNPATH_SEARCH_PATHS = (
					"$(inherited)",
					"@executable_path/Frameworks",
				);
				MARKETING_VERSION = 1.0;
				PRODUCT_BUNDLE_IDENTIFIER = "com.digitaltrust.coreimage-P-13-";
				PRODUCT_NAME = "$(TARGET_NAME)";
				SWIFT_EMIT_LOC_STRINGS = YES;
				SWIFT_VERSION = 5.0;
				TARGETED_DEVICE_FAMILY = "1,2";
			};
			name = Debug;
		};
		B63AAD322D15486100C96BA5 /* Release */ = {
			isa = XCBuildConfiguration;
			buildSettings = {
				ASSETCATALOG_COMPILER_APPICON_NAME = AppIcon;
				ASSETCATALOG_COMPILER_GLOBAL_ACCENT_COLOR_NAME = AccentColor;
				CODE_SIGN_STYLE = Automatic;
				CURRENT_PROJECT_VERSION = 1;
				GENERATE_INFOPLIST_FILE = YES;
				INFOPLIST_FILE = "coreimage(P-13)/Info.plist";
				INFOPLIST_KEY_UIApplicationSupportsIndirectInputEvents = YES;
				INFOPLIST_KEY_UILaunchStoryboardName = LaunchScreen;
				INFOPLIST_KEY_UIMainStoryboardFile = Main;
				INFOPLIST_KEY_UISupportedInterfaceOrientations_iPad = "UIInterfaceOrientationPortrait UIInterfaceOrientationPortraitUpsideDown UIInterfaceOrientationLandscapeLeft UIInterfaceOrientationLandscapeRight";
				INFOPLIST_KEY_UISupportedInterfaceOrientations_iPhone = "UIInterfaceOrientationPortrait UIInterfaceOrientationLandscapeLeft UIInterfaceOrientationLandscapeRight";
				LD_RUNPATH_SEARCH_PATHS = (
					"$(inherited)",
					"@executable_path/Frameworks",
				);
				MARKETING_VERSION = 1.0;
				PRODUCT_BUNDLE_IDENTIFIER = "com.digitaltrust.coreimage-P-13-";
				PRODUCT_NAME = "$(TARGET_NAME)";
				SWIFT_EMIT_LOC_STRINGS = YES;
				SWIFT_VERSION = 5.0;
				TARGETED_DEVICE_FAMILY = "1,2";
			};
			name = Release;
		};
		B63AAD332D15486100C96BA5 /* Debug */ = {
			isa = XCBuildConfiguration;
			buildSettings = {
				ALWAYS_SEARCH_USER_PATHS = NO;
				ASSETCATALOG_COMPILER_GENERATE_SWIFT_ASSET_SYMBOL_EXTENSIONS = YES;
				CLANG_ANALYZER_NONNULL = YES;
				CLANG_ANALYZER_NUMBER_OBJECT_CONVERSION = YES_AGGRESSIVE;
				CLANG_CXX_LANGUAGE_STANDARD = "gnu++20";
				CLANG_ENABLE_MODULES = YES;
				CLANG_ENABLE_OBJC_ARC = YES;
				CLANG_ENABLE_OBJC_WEAK = YES;
				CLANG_WARN_BLOCK_CAPTURE_AUTORELEASING = YES;
				CLANG_WARN_BOOL_CONVERSION = YES;
				CLANG_WARN_COMMA = YES;
				CLANG_WARN_CONSTANT_CONVERSION = YES;
				CLANG_WARN_DEPRECATED_OBJC_IMPLEMENTATIONS = YES;
				CLANG_WARN_DIRECT_OBJC_ISA_USAGE = YES_ERROR;
				CLANG_WARN_DOCUMENTATION_COMMENTS = YES;
				CLANG_WARN_EMPTY_BODY = YES;
				CLANG_WARN_ENUM_CONVERSION = YES;
				CLANG_WARN_INFINITE_RECURSION = YES;
				CLANG_WARN_INT_CONVERSION = YES;
				CLANG_WARN_NON_LITERAL_NULL_CONVERSION = YES;
				CLANG_WARN_OBJC_IMPLICIT_RETAIN_SELF = YES;
				CLANG_WARN_OBJC_LITERAL_CONVERSION = YES;
				CLANG_WARN_OBJC_ROOT_CLASS = YES_ERROR;
				CLANG_WARN_QUOTED_INCLUDE_IN_FRAMEWORK_HEADER = YES;
				CLANG_WARN_RANGE_LOOP_ANALYSIS = YES;
				CLANG_WARN_STRICT_PROTOTYPES = YES;
				CLANG_WARN_SUSPICIOUS_MOVE = YES;
				CLANG_WARN_UNGUARDED_AVAILABILITY = YES_AGGRESSIVE;
				CLANG_WARN_UNREACHABLE_CODE = YES;
				CLANG_WARN__DUPLICATE_METHOD_MATCH = YES;
				COPY_PHASE_STRIP = NO;
				DEBUG_INFORMATION_FORMAT = dwarf;
				ENABLE_STRICT_OBJC_MSGSEND = YES;
				ENABLE_TESTABILITY = YES;
				ENABLE_USER_SCRIPT_SANDBOXING = YES;
				GCC_C_LANGUAGE_STANDARD = gnu17;
				GCC_DYNAMIC_NO_PIC = NO;
				GCC_NO_COMMON_BLOCKS = YES;
				GCC_OPTIMIZATION_LEVEL = 0;
				GCC_PREPROCESSOR_DEFINITIONS = (
					"DEBUG=1",
					"$(inherited)",
				);
				GCC_WARN_64_TO_32_BIT_CONVERSION = YES;
				GCC_WARN_ABOUT_RETURN_TYPE = YES_ERROR;
				GCC_WARN_UNDECLARED_SELECTOR = YES;
				GCC_WARN_UNINITIALIZED_AUTOS = YES_AGGRESSIVE;
				GCC_WARN_UNUSED_FUNCTION = YES;
				GCC_WARN_UNUSED_VARIABLE = YES;
				IPHONEOS_DEPLOYMENT_TARGET = 18.1;
				LOCALIZATION_PREFERS_STRING_CATALOGS = YES;
				MTL_ENABLE_DEBUG_INFO = INCLUDE_SOURCE;
				MTL_FAST_MATH = YES;
				ONLY_ACTIVE_ARCH = YES;
				SDKROOT = iphoneos;
				SWIFT_ACTIVE_COMPILATION_CONDITIONS = "DEBUG $(inherited)";
				SWIFT_OPTIMIZATION_LEVEL = "-Onone";
			};
			name = Debug;
		};
		B63AAD342D15486100C96BA5 /* Release */ = {
			isa = XCBuildConfiguration;
			buildSettings = {
				ALWAYS_SEARCH_USER_PATHS = NO;
				ASSETCATALOG_COMPILER_GENERATE_SWIFT_ASSET_SYMBOL_EXTENSIONS = YES;
				CLANG_ANALYZER_NONNULL = YES;
				CLANG_ANALYZER_NUMBER_OBJECT_CONVERSION = YES_AGGRESSIVE;
				CLANG_CXX_LANGUAGE_STANDARD = "gnu++20";
				CLANG_ENABLE_MODULES = YES;
				CLANG_ENABLE_OBJC_ARC = YES;
				CLANG_ENABLE_OBJC_WEAK = YES;
				CLANG_WARN_BLOCK_CAPTURE_AUTORELEASING = YES;
				CLANG_WARN_BOOL_CONVERSION = YES;
				CLANG_WARN_COMMA = YES;
				CLANG_WARN_CONSTANT_CONVERSION = YES;
				CLANG_WARN_DEPRECATED_OBJC_IMPLEMENTATIONS = YES;
				CLANG_WARN_DIRECT_OBJC_ISA_USAGE = YES_ERROR;
				CLANG_WARN_DOCUMENTATION_COMMENTS = YES;
				CLANG_WARN_EMPTY_BODY = YES;
				CLANG_WARN_ENUM_CONVERSION = YES;
				CLANG_WARN_INFINITE_RECURSION = YES;
				CLANG_WARN_INT_CONVERSION = YES;
				CLANG_WARN_NON_LITERAL_NULL_CONVERSION = YES;
				CLANG_WARN_OBJC_IMPLICIT_RETAIN_SELF = YES;
				CLANG_WARN_OBJC_LITERAL_CONVERSION = YES;
				CLANG_WARN_OBJC_ROOT_CLASS = YES_ERROR;
				CLANG_WARN_QUOTED_INCLUDE_IN_FRAMEWORK_HEADER = YES;
				CLANG_WARN_RANGE_LOOP_ANALYSIS = YES;
				CLANG_WARN_STRICT_PROTOTYPES = YES;
				CLANG_WARN_SUSPICIOUS_MOVE = YES;
				CLANG_WARN_UNGUARDED_AVAILABILITY = YES_AGGRESSIVE;
				CLANG_WARN_UNREACHABLE_CODE = YES;
				CLANG_WARN__DUPLICATE_METHOD_MATCH = YES;
				COPY_PHASE_STRIP = NO;
				DEBUG_INFORMATION_FORMAT = "dwarf-with-dsym";
				ENABLE_NS_ASSERTIONS = NO;
				ENABLE_STRICT_OBJC_MSGSEND = YES;
				ENABLE_USER_SCRIPT_SANDBOXING = YES;
				GCC_C_LANGUAGE_STANDARD = gnu17;
				GCC_NO_COMMON_BLOCKS = YES;
				GCC_WARN_64_TO_32_BIT_CONVERSION = YES;
				GCC_WARN_ABOUT_RETURN_TYPE = YES_ERROR;
				GCC_WARN_UNDECLARED_SELECTOR = YES;
				GCC_WARN_UNINITIALIZED_AUTOS = YES_AGGRESSIVE;
				GCC_WARN_UNUSED_FUNCTION = YES;
				GCC_WARN_UNUSED_VARIABLE = YES;
				IPHONEOS_DEPLOYMENT_TARGET = 18.1;
				LOCALIZATION_PREFERS_STRING_CATALOGS = YES;
				MTL_ENABLE_DEBUG_INFO = NO;
				MTL_FAST_MATH = YES;
				SDKROOT = iphoneos;
				SWIFT_COMPILATION_MODE = wholemodule;
				VALIDATE_PRODUCT = YES;
			};
			name = Release;
		};
		B63AAD362D15486100C96BA5 /* Debug */ = {
			isa = XCBuildConfiguration;
			buildSettings = {
				BUNDLE_LOADER = "$(TEST_HOST)";
				CODE_SIGN_STYLE = Automatic;
				CURRENT_PROJECT_VERSION = 1;
				GENERATE_INFOPLIST_FILE = YES;
				IPHONEOS_DEPLOYMENT_TARGET = 18.1;
				MARKETING_VERSION = 1.0;
				PRODUCT_BUNDLE_IDENTIFIER = "com.digitaltrust.coreimage-P-13-Tests";
				PRODUCT_NAME = "$(TARGET_NAME)";
				SWIFT_EMIT_LOC_STRINGS = NO;
				SWIFT_VERSION = 5.0;
				TARGETED_DEVICE_FAMILY = "1,2";
				TEST_HOST = "$(BUILT_PRODUCTS_DIR)/coreimage(P-13).app/$(BUNDLE_EXECUTABLE_FOLDER_PATH)/coreimage(P-13)";
			};
			name = Debug;
		};
		B63AAD372D15486100C96BA5 /* Release */ = {
			isa = XCBuildConfiguration;
			buildSettings = {
				BUNDLE_LOADER = "$(TEST_HOST)";
				CODE_SIGN_STYLE = Automatic;
				CURRENT_PROJECT_VERSION = 1;
				GENERATE_INFOPLIST_FILE = YES;
				IPHONEOS_DEPLOYMENT_TARGET = 18.1;
				MARKETING_VERSION = 1.0;
				PRODUCT_BUNDLE_IDENTIFIER = "com.digitaltrust.coreimage-P-13-Tests";
				PRODUCT_NAME = "$(TARGET_NAME)";
				SWIFT_EMIT_LOC_STRINGS = NO;
				SWIFT_VERSION = 5.0;
				TARGETED_DEVICE_FAMILY = "1,2";
				TEST_HOST = "$(BUILT_PRODUCTS_DIR)/coreimage(P-13).app/$(BUNDLE_EXECUTABLE_FOLDER_PATH)/coreimage(P-13)";
			};
			name = Release;
		};
		B63AAD392D15486100C96BA5 /* Debug */ = {
			isa = XCBuildConfiguration;
			buildSettings = {
				CODE_SIGN_STYLE = Automatic;
				CURRENT_PROJECT_VERSION = 1;
				GENERATE_INFOPLIST_FILE = YES;
				MARKETING_VERSION = 1.0;
				PRODUCT_BUNDLE_IDENTIFIER = "com.digitaltrust.coreimage-P-13-UITests";
				PRODUCT_NAME = "$(TARGET_NAME)";
				SWIFT_EMIT_LOC_STRINGS = NO;
				SWIFT_VERSION = 5.0;
				TARGETED_DEVICE_FAMILY = "1,2";
				TEST_TARGET_NAME = "coreimage(P-13)";
			};
			name = Debug;
		};
		B63AAD3A2D15486100C96BA5 /* Release */ = {
			isa = XCBuildConfiguration;
			buildSettings = {
				CODE_SIGN_STYLE = Automatic;
				CURRENT_PROJECT_VERSION = 1;
				GENERATE_INFOPLIST_FILE = YES;
				MARKETING_VERSION = 1.0;
				PRODUCT_BUNDLE_IDENTIFIER = "com.digitaltrust.coreimage-P-13-UITests";
				PRODUCT_NAME = "$(TARGET_NAME)";
				SWIFT_EMIT_LOC_STRINGS = NO;
				SWIFT_VERSION = 5.0;
				TARGETED_DEVICE_FAMILY = "1,2";
				TEST_TARGET_NAME = "coreimage(P-13)";
			};
			name = Release;
		};
/* End XCBuildConfiguration section */

/* Begin XCConfigurationList section */
		B63AAD022D15486000C96BA5 /* Build configuration list for PBXProject "coreimage(P-13)" */ = {
			isa = XCConfigurationList;
			buildConfigurations = (
				B63AAD332D15486100C96BA5 /* Debug */,
				B63AAD342D15486100C96BA5 /* Release */,
			);
			defaultConfigurationIsVisible = 0;
			defaultConfigurationName = Release;
		};
		B63AAD302D15486100C96BA5 /* Build configuration list for PBXNativeTarget "coreimage(P-13)" */ = {
			isa = XCConfigurationList;
			buildConfigurations = (
				B63AAD312D15486100C96BA5 /* Debug */,
				B63AAD322D15486100C96BA5 /* Release */,
			);
			defaultConfigurationIsVisible = 0;
			defaultConfigurationName = Release;
		};
		B63AAD352D15486100C96BA5 /* Build configuration list for PBXNativeTarget "coreimage(P-13)Tests" */ = {
			isa = XCConfigurationList;
			buildConfigurations = (
				B63AAD362D15486100C96BA5 /* Debug */,
				B63AAD372D15486100C96BA5 /* Release */,
			);
			defaultConfigurationIsVisible = 0;
			defaultConfigurationName = Release;
		};
		B63AAD382D15486100C96BA5 /* Build configuration list for PBXNativeTarget "coreimage(P-13)UITests" */ = {
			isa = XCConfigurationList;
			buildConfigurations = (
				B63AAD392D15486100C96BA5 /* Debug */,
				B63AAD3A2D15486100C96BA5 /* Release */,
			);
			defaultConfigurationIsVisible = 0;
			defaultConfigurationName = Release;
		};
/* End XCConfigurationList section */
	};
	rootObject = B63AACFF2D15486000C96BA5 /* Project object */;
}
